// !$*UTF8*$!
{
	archiveVersion = 1;
	classes = {
	};
	objectVersion = 46;
	objects = {

/* Begin PBXBuildFile section */
		524428C21CF24C2A001D58EB /* AppDelegate.swift in Sources */ = {isa = PBXBuildFile; fileRef = 524428C11CF24C2A001D58EB /* AppDelegate.swift */; };
		524428C71CF24C2A001D58EB /* Main.storyboard in Resources */ = {isa = PBXBuildFile; fileRef = 524428C51CF24C2A001D58EB /* Main.storyboard */; };
		524428C91CF24C2A001D58EB /* Assets.xcassets in Resources */ = {isa = PBXBuildFile; fileRef = 524428C81CF24C2A001D58EB /* Assets.xcassets */; };
		524428CC1CF24C2A001D58EB /* LaunchScreen.storyboard in Resources */ = {isa = PBXBuildFile; fileRef = 524428CA1CF24C2A001D58EB /* LaunchScreen.storyboard */; };
		524428D71CF24C2A001D58EB /* TickTockTests.swift in Sources */ = {isa = PBXBuildFile; fileRef = 524428D61CF24C2A001D58EB /* TickTockTests.swift */; };
		524428E21CF24C2A001D58EB /* TickTockUITests.swift in Sources */ = {isa = PBXBuildFile; fileRef = 524428E11CF24C2A001D58EB /* TickTockUITests.swift */; };
		524428F01CF24D16001D58EB /* AlarmTableViewController.swift in Sources */ = {isa = PBXBuildFile; fileRef = 524428EF1CF24D16001D58EB /* AlarmTableViewController.swift */; };
		524428F21CF250C0001D58EB /* Alarm.swift in Sources */ = {isa = PBXBuildFile; fileRef = 524428F11CF250C0001D58EB /* Alarm.swift */; };
		524428F41CF25276001D58EB /* AlarmList.swift in Sources */ = {isa = PBXBuildFile; fileRef = 524428F31CF25276001D58EB /* AlarmList.swift */; };
		A5FAA81A1CF25FFE00AAA220 /* AlarmTableViewCell.swift in Sources */ = {isa = PBXBuildFile; fileRef = A5FAA8191CF25FFE00AAA220 /* AlarmTableViewCell.swift */; };
/* End PBXBuildFile section */

/* Begin PBXContainerItemProxy section */
		524428D31CF24C2A001D58EB /* PBXContainerItemProxy */ = {
			isa = PBXContainerItemProxy;
			containerPortal = 524428B61CF24C2A001D58EB /* Project object */;
			proxyType = 1;
			remoteGlobalIDString = 524428BD1CF24C2A001D58EB;
			remoteInfo = TickTock;
		};
		524428DE1CF24C2A001D58EB /* PBXContainerItemProxy */ = {
			isa = PBXContainerItemProxy;
			containerPortal = 524428B61CF24C2A001D58EB /* Project object */;
			proxyType = 1;
			remoteGlobalIDString = 524428BD1CF24C2A001D58EB;
			remoteInfo = TickTock;
		};
/* End PBXContainerItemProxy section */

/* Begin PBXFileReference section */
		524428BE1CF24C2A001D58EB /* TickTock.app */ = {isa = PBXFileReference; explicitFileType = wrapper.application; includeInIndex = 0; path = TickTock.app; sourceTree = BUILT_PRODUCTS_DIR; };
		524428C11CF24C2A001D58EB /* AppDelegate.swift */ = {isa = PBXFileReference; lastKnownFileType = sourcecode.swift; path = AppDelegate.swift; sourceTree = "<group>"; };
		524428C61CF24C2A001D58EB /* Base */ = {isa = PBXFileReference; lastKnownFileType = file.storyboard; name = Base; path = Base.lproj/Main.storyboard; sourceTree = "<group>"; };
		524428C81CF24C2A001D58EB /* Assets.xcassets */ = {isa = PBXFileReference; lastKnownFileType = folder.assetcatalog; path = Assets.xcassets; sourceTree = "<group>"; };
		524428CB1CF24C2A001D58EB /* Base */ = {isa = PBXFileReference; lastKnownFileType = file.storyboard; name = Base; path = Base.lproj/LaunchScreen.storyboard; sourceTree = "<group>"; };
		524428CD1CF24C2A001D58EB /* Info.plist */ = {isa = PBXFileReference; lastKnownFileType = text.plist.xml; path = Info.plist; sourceTree = "<group>"; };
		524428D21CF24C2A001D58EB /* TickTockTests.xctest */ = {isa = PBXFileReference; explicitFileType = wrapper.cfbundle; includeInIndex = 0; path = TickTockTests.xctest; sourceTree = BUILT_PRODUCTS_DIR; };
		524428D61CF24C2A001D58EB /* TickTockTests.swift */ = {isa = PBXFileReference; lastKnownFileType = sourcecode.swift; path = TickTockTests.swift; sourceTree = "<group>"; };
		524428D81CF24C2A001D58EB /* Info.plist */ = {isa = PBXFileReference; lastKnownFileType = text.plist.xml; path = Info.plist; sourceTree = "<group>"; };
		524428DD1CF24C2A001D58EB /* TickTockUITests.xctest */ = {isa = PBXFileReference; explicitFileType = wrapper.cfbundle; includeInIndex = 0; path = TickTockUITests.xctest; sourceTree = BUILT_PRODUCTS_DIR; };
		524428E11CF24C2A001D58EB /* TickTockUITests.swift */ = {isa = PBXFileReference; lastKnownFileType = sourcecode.swift; path = TickTockUITests.swift; sourceTree = "<group>"; };
		524428E31CF24C2A001D58EB /* Info.plist */ = {isa = PBXFileReference; lastKnownFileType = text.plist.xml; path = Info.plist; sourceTree = "<group>"; };
		524428EF1CF24D16001D58EB /* AlarmTableViewController.swift */ = {isa = PBXFileReference; fileEncoding = 4; lastKnownFileType = sourcecode.swift; path = AlarmTableViewController.swift; sourceTree = "<group>"; };
		524428F11CF250C0001D58EB /* Alarm.swift */ = {isa = PBXFileReference; fileEncoding = 4; lastKnownFileType = sourcecode.swift; path = Alarm.swift; sourceTree = "<group>"; };
		524428F31CF25276001D58EB /* AlarmList.swift */ = {isa = PBXFileReference; fileEncoding = 4; lastKnownFileType = sourcecode.swift; path = AlarmList.swift; sourceTree = "<group>"; };
		A5FAA8191CF25FFE00AAA220 /* AlarmTableViewCell.swift */ = {isa = PBXFileReference; fileEncoding = 4; lastKnownFileType = sourcecode.swift; path = AlarmTableViewCell.swift; sourceTree = "<group>"; };
/* End PBXFileReference section */

/* Begin PBXFrameworksBuildPhase section */
		524428BB1CF24C2A001D58EB /* Frameworks */ = {
			isa = PBXFrameworksBuildPhase;
			buildActionMask = 2147483647;
			files = (
			);
			runOnlyForDeploymentPostprocessing = 0;
		};
		524428CF1CF24C2A001D58EB /* Frameworks */ = {
			isa = PBXFrameworksBuildPhase;
			buildActionMask = 2147483647;
			files = (
			);
			runOnlyForDeploymentPostprocessing = 0;
		};
		524428DA1CF24C2A001D58EB /* Frameworks */ = {
			isa = PBXFrameworksBuildPhase;
			buildActionMask = 2147483647;
			files = (
			);
			runOnlyForDeploymentPostprocessing = 0;
		};
/* End PBXFrameworksBuildPhase section */

/* Begin PBXGroup section */
		524428B51CF24C2A001D58EB = {
			isa = PBXGroup;
			children = (
				524428C01CF24C2A001D58EB /* TickTock */,
				524428D51CF24C2A001D58EB /* TickTockTests */,
				524428E01CF24C2A001D58EB /* TickTockUITests */,
				524428BF1CF24C2A001D58EB /* Products */,
			);
			sourceTree = "<group>";
		};
		524428BF1CF24C2A001D58EB /* Products */ = {
			isa = PBXGroup;
			children = (
				524428BE1CF24C2A001D58EB /* TickTock.app */,
				524428D21CF24C2A001D58EB /* TickTockTests.xctest */,
				524428DD1CF24C2A001D58EB /* TickTockUITests.xctest */,
			);
			name = Products;
			sourceTree = "<group>";
		};
		524428C01CF24C2A001D58EB /* TickTock */ = {
			isa = PBXGroup;
			children = (
				524428C11CF24C2A001D58EB /* AppDelegate.swift */,
				524428C51CF24C2A001D58EB /* Main.storyboard */,
				524428EF1CF24D16001D58EB /* AlarmTableViewController.swift */,
				A5FAA8191CF25FFE00AAA220 /* AlarmTableViewCell.swift */,
				524428F31CF25276001D58EB /* AlarmList.swift */,
				524428F11CF250C0001D58EB /* Alarm.swift */,
				524428C81CF24C2A001D58EB /* Assets.xcassets */,
				524428CA1CF24C2A001D58EB /* LaunchScreen.storyboard */,
				524428CD1CF24C2A001D58EB /* Info.plist */,
			);
			path = TickTock;
			sourceTree = "<group>";
		};
		524428D51CF24C2A001D58EB /* TickTockTests */ = {
			isa = PBXGroup;
			children = (
				524428D61CF24C2A001D58EB /* TickTockTests.swift */,
				524428D81CF24C2A001D58EB /* Info.plist */,
			);
			path = TickTockTests;
			sourceTree = "<group>";
		};
		524428E01CF24C2A001D58EB /* TickTockUITests */ = {
			isa = PBXGroup;
			children = (
				524428E11CF24C2A001D58EB /* TickTockUITests.swift */,
				524428E31CF24C2A001D58EB /* Info.plist */,
			);
			path = TickTockUITests;
			sourceTree = "<group>";
		};
/* End PBXGroup section */

/* Begin PBXNativeTarget section */
		524428BD1CF24C2A001D58EB /* TickTock */ = {
			isa = PBXNativeTarget;
			buildConfigurationList = 524428E61CF24C2A001D58EB /* Build configuration list for PBXNativeTarget "TickTock" */;
			buildPhases = (
				524428BA1CF24C2A001D58EB /* Sources */,
				524428BB1CF24C2A001D58EB /* Frameworks */,
				524428BC1CF24C2A001D58EB /* Resources */,
			);
			buildRules = (
			);
			dependencies = (
			);
			name = TickTock;
			productName = TickTock;
			productReference = 524428BE1CF24C2A001D58EB /* TickTock.app */;
			productType = "com.apple.product-type.application";
		};
		524428D11CF24C2A001D58EB /* TickTockTests */ = {
			isa = PBXNativeTarget;
			buildConfigurationList = 524428E91CF24C2A001D58EB /* Build configuration list for PBXNativeTarget "TickTockTests" */;
			buildPhases = (
				524428CE1CF24C2A001D58EB /* Sources */,
				524428CF1CF24C2A001D58EB /* Frameworks */,
				524428D01CF24C2A001D58EB /* Resources */,
			);
			buildRules = (
			);
			dependencies = (
				524428D41CF24C2A001D58EB /* PBXTargetDependency */,
			);
			name = TickTockTests;
			productName = TickTockTests;
			productReference = 524428D21CF24C2A001D58EB /* TickTockTests.xctest */;
			productType = "com.apple.product-type.bundle.unit-test";
		};
		524428DC1CF24C2A001D58EB /* TickTockUITests */ = {
			isa = PBXNativeTarget;
			buildConfigurationList = 524428EC1CF24C2A001D58EB /* Build configuration list for PBXNativeTarget "TickTockUITests" */;
			buildPhases = (
				524428D91CF24C2A001D58EB /* Sources */,
				524428DA1CF24C2A001D58EB /* Frameworks */,
				524428DB1CF24C2A001D58EB /* Resources */,
			);
			buildRules = (
			);
			dependencies = (
				524428DF1CF24C2A001D58EB /* PBXTargetDependency */,
			);
			name = TickTockUITests;
			productName = TickTockUITests;
			productReference = 524428DD1CF24C2A001D58EB /* TickTockUITests.xctest */;
			productType = "com.apple.product-type.bundle.ui-testing";
		};
/* End PBXNativeTarget section */

/* Begin PBXProject section */
		524428B61CF24C2A001D58EB /* Project object */ = {
			isa = PBXProject;
			attributes = {
				LastSwiftUpdateCheck = 0720;
				LastUpgradeCheck = 0720;
				ORGANIZATIONNAME = LazyHuskies;
				TargetAttributes = {
					524428BD1CF24C2A001D58EB = {
						CreatedOnToolsVersion = 7.2;
					};
					524428D11CF24C2A001D58EB = {
						CreatedOnToolsVersion = 7.2;
						TestTargetID = 524428BD1CF24C2A001D58EB;
					};
					524428DC1CF24C2A001D58EB = {
						CreatedOnToolsVersion = 7.2;
						TestTargetID = 524428BD1CF24C2A001D58EB;
					};
				};
			};
			buildConfigurationList = 524428B91CF24C2A001D58EB /* Build configuration list for PBXProject "TickTock" */;
			compatibilityVersion = "Xcode 3.2";
			developmentRegion = English;
			hasScannedForEncodings = 0;
			knownRegions = (
				en,
				Base,
			);
			mainGroup = 524428B51CF24C2A001D58EB;
			productRefGroup = 524428BF1CF24C2A001D58EB /* Products */;
			projectDirPath = "";
			projectRoot = "";
			targets = (
				524428BD1CF24C2A001D58EB /* TickTock */,
				524428D11CF24C2A001D58EB /* TickTockTests */,
				524428DC1CF24C2A001D58EB /* TickTockUITests */,
			);
		};
/* End PBXProject section */

/* Begin PBXResourcesBuildPhase section */
		524428BC1CF24C2A001D58EB /* Resources */ = {
			isa = PBXResourcesBuildPhase;
			buildActionMask = 2147483647;
			files = (
				524428CC1CF24C2A001D58EB /* LaunchScreen.storyboard in Resources */,
				524428C91CF24C2A001D58EB /* Assets.xcassets in Resources */,
				524428C71CF24C2A001D58EB /* Main.storyboard in Resources */,
			);
			runOnlyForDeploymentPostprocessing = 0;
		};
		524428D01CF24C2A001D58EB /* Resources */ = {
			isa = PBXResourcesBuildPhase;
			buildActionMask = 2147483647;
			files = (
			);
			runOnlyForDeploymentPostprocessing = 0;
		};
		524428DB1CF24C2A001D58EB /* Resources */ = {
			isa = PBXResourcesBuildPhase;
			buildActionMask = 2147483647;
			files = (
			);
			runOnlyForDeploymentPostprocessing = 0;
		};
/* End PBXResourcesBuildPhase section */

/* Begin PBXSourcesBuildPhase section */
		524428BA1CF24C2A001D58EB /* Sources */ = {
			isa = PBXSourcesBuildPhase;
			buildActionMask = 2147483647;
			files = (
				A5FAA81A1CF25FFE00AAA220 /* AlarmTableViewCell.swift in Sources */,
				524428C21CF24C2A001D58EB /* AppDelegate.swift in Sources */,
				524428F41CF25276001D58EB /* AlarmList.swift in Sources */,
				524428F01CF24D16001D58EB /* AlarmTableViewController.swift in Sources */,
				524428F21CF250C0001D58EB /* Alarm.swift in Sources */,
			);
			runOnlyForDeploymentPostprocessing = 0;
		};
		524428CE1CF24C2A001D58EB /* Sources */ = {
			isa = PBXSourcesBuildPhase;
			buildActionMask = 2147483647;
			files = (
				524428D71CF24C2A001D58EB /* TickTockTests.swift in Sources */,
			);
			runOnlyForDeploymentPostprocessing = 0;
		};
		524428D91CF24C2A001D58EB /* Sources */ = {
			isa = PBXSourcesBuildPhase;
			buildActionMask = 2147483647;
			files = (
				524428E21CF24C2A001D58EB /* TickTockUITests.swift in Sources */,
			);
			runOnlyForDeploymentPostprocessing = 0;
		};
/* End PBXSourcesBuildPhase section */

/* Begin PBXTargetDependency section */
		524428D41CF24C2A001D58EB /* PBXTargetDependency */ = {
			isa = PBXTargetDependency;
			target = 524428BD1CF24C2A001D58EB /* TickTock */;
			targetProxy = 524428D31CF24C2A001D58EB /* PBXContainerItemProxy */;
		};
		524428DF1CF24C2A001D58EB /* PBXTargetDependency */ = {
			isa = PBXTargetDependency;
			target = 524428BD1CF24C2A001D58EB /* TickTock */;
			targetProxy = 524428DE1CF24C2A001D58EB /* PBXContainerItemProxy */;
		};
/* End PBXTargetDependency section */

/* Begin PBXVariantGroup section */
		524428C51CF24C2A001D58EB /* Main.storyboard */ = {
			isa = PBXVariantGroup;
			children = (
				524428C61CF24C2A001D58EB /* Base */,
			);
			name = Main.storyboard;
			sourceTree = "<group>";
		};
		524428CA1CF24C2A001D58EB /* LaunchScreen.storyboard */ = {
			isa = PBXVariantGroup;
			children = (
				524428CB1CF24C2A001D58EB /* Base */,
			);
			name = LaunchScreen.storyboard;
			sourceTree = "<group>";
		};
/* End PBXVariantGroup section */

/* Begin XCBuildConfiguration section */
		524428E41CF24C2A001D58EB /* Debug */ = {
			isa = XCBuildConfiguration;
			buildSettings = {
				ALWAYS_SEARCH_USER_PATHS = NO;
				CLANG_CXX_LANGUAGE_STANDARD = "gnu++0x";
				CLANG_CXX_LIBRARY = "libc++";
				CLANG_ENABLE_MODULES = YES;
				CLANG_ENABLE_OBJC_ARC = YES;
				CLANG_WARN_BOOL_CONVERSION = YES;
				CLANG_WARN_CONSTANT_CONVERSION = YES;
				CLANG_WARN_DIRECT_OBJC_ISA_USAGE = YES_ERROR;
				CLANG_WARN_EMPTY_BODY = YES;
				CLANG_WARN_ENUM_CONVERSION = YES;
				CLANG_WARN_INT_CONVERSION = YES;
				CLANG_WARN_OBJC_ROOT_CLASS = YES_ERROR;
				CLANG_WARN_UNREACHABLE_CODE = YES;
				CLANG_WARN__DUPLICATE_METHOD_MATCH = YES;
				"CODE_SIGN_IDENTITY[sdk=iphoneos*]" = "iPhone Developer";
				COPY_PHASE_STRIP = NO;
				DEBUG_INFORMATION_FORMAT = dwarf;
				ENABLE_STRICT_OBJC_MSGSEND = YES;
				ENABLE_TESTABILITY = YES;
				GCC_C_LANGUAGE_STANDARD = gnu99;
				GCC_DYNAMIC_NO_PIC = NO;
				GCC_NO_COMMON_BLOCKS = YES;
				GCC_OPTIMIZATION_LEVEL = 0;
				GCC_PREPROCESSOR_DEFINITIONS = (
					"DEBUG=1",
					"$(inherited)",
				);
				GCC_WARN_64_TO_32_BIT_CONVERSION = YES;
				GCC_WARN_ABOUT_RETURN_TYPE = YES_ERROR;
				GCC_WARN_UNDECLARED_SELECTOR = YES;
				GCC_WARN_UNINITIALIZED_AUTOS = YES_AGGRESSIVE;
				GCC_WARN_UNUSED_FUNCTION = YES;
				GCC_WARN_UNUSED_VARIABLE = YES;
				IPHONEOS_DEPLOYMENT_TARGET = 9.2;
				MTL_ENABLE_DEBUG_INFO = YES;
				ONLY_ACTIVE_ARCH = YES;
				SDKROOT = iphoneos;
				SWIFT_OPTIMIZATION_LEVEL = "-Onone";
				TARGETED_DEVICE_FAMILY = "1,2";
			};
			name = Debug;
		};
		524428E51CF24C2A001D58EB /* Release */ = {
			isa = XCBuildConfiguration;
			buildSettings = {
				ALWAYS_SEARCH_USER_PATHS = NO;
				CLANG_CXX_LANGUAGE_STANDARD = "gnu++0x";
				CLANG_CXX_LIBRARY = "libc++";
				CLANG_ENABLE_MODULES = YES;
				CLANG_ENABLE_OBJC_ARC = YES;
				CLANG_WARN_BOOL_CONVERSION = YES;
				CLANG_WARN_CONSTANT_CONVERSION = YES;
				CLANG_WARN_DIRECT_OBJC_ISA_USAGE = YES_ERROR;
				CLANG_WARN_EMPTY_BODY = YES;
				CLANG_WARN_ENUM_CONVERSION = YES;
				CLANG_WARN_INT_CONVERSION = YES;
				CLANG_WARN_OBJC_ROOT_CLASS = YES_ERROR;
				CLANG_WARN_UNREACHABLE_CODE = YES;
				CLANG_WARN__DUPLICATE_METHOD_MATCH = YES;
				"CODE_SIGN_IDENTITY[sdk=iphoneos*]" = "iPhone Developer";
				COPY_PHASE_STRIP = NO;
				DEBUG_INFORMATION_FORMAT = "dwarf-with-dsym";
				ENABLE_NS_ASSERTIONS = NO;
				ENABLE_STRICT_OBJC_MSGSEND = YES;
				GCC_C_LANGUAGE_STANDARD = gnu99;
				GCC_NO_COMMON_BLOCKS = YES;
				GCC_WARN_64_TO_32_BIT_CONVERSION = YES;
				GCC_WARN_ABOUT_RETURN_TYPE = YES_ERROR;
				GCC_WARN_UNDECLARED_SELECTOR = YES;
				GCC_WARN_UNINITIALIZED_AUTOS = YES_AGGRESSIVE;
				GCC_WARN_UNUSED_FUNCTION = YES;
				GCC_WARN_UNUSED_VARIABLE = YES;
				IPHONEOS_DEPLOYMENT_TARGET = 9.2;
				MTL_ENABLE_DEBUG_INFO = NO;
				SDKROOT = iphoneos;
				TARGETED_DEVICE_FAMILY = "1,2";
				VALIDATE_PRODUCT = YES;
			};
			name = Release;
		};
		524428E71CF24C2A001D58EB /* Debug */ = {
			isa = XCBuildConfiguration;
			buildSettings = {
				ASSETCATALOG_COMPILER_APPICON_NAME = AppIcon;
				INFOPLIST_FILE = TickTock/Info.plist;
				LD_RUNPATH_SEARCH_PATHS = "$(inherited) @executable_path/Frameworks";
				PRODUCT_BUNDLE_IDENTIFIER = uw.ischool.edu.TickTock;
				PRODUCT_NAME = "$(TARGET_NAME)";
			};
			name = Debug;
		};
		524428E81CF24C2A001D58EB /* Release */ = {
			isa = XCBuildConfiguration;
			buildSettings = {
				ASSETCATALOG_COMPILER_APPICON_NAME = AppIcon;
				INFOPLIST_FILE = TickTock/Info.plist;
				LD_RUNPATH_SEARCH_PATHS = "$(inherited) @executable_path/Frameworks";
				PRODUCT_BUNDLE_IDENTIFIER = uw.ischool.edu.TickTock;
				PRODUCT_NAME = "$(TARGET_NAME)";
			};
			name = Release;
		};
		524428EA1CF24C2A001D58EB /* Debug */ = {
			isa = XCBuildConfiguration;
			buildSettings = {
				BUNDLE_LOADER = "$(TEST_HOST)";
				INFOPLIST_FILE = TickTockTests/Info.plist;
				LD_RUNPATH_SEARCH_PATHS = "$(inherited) @executable_path/Frameworks @loader_path/Frameworks";
				PRODUCT_BUNDLE_IDENTIFIER = uw.ischool.edu.TickTockTests;
				PRODUCT_NAME = "$(TARGET_NAME)";
				TEST_HOST = "$(BUILT_PRODUCTS_DIR)/TickTock.app/TickTock";
			};
			name = Debug;
		};
		524428EB1CF24C2A001D58EB /* Release */ = {
			isa = XCBuildConfiguration;
			buildSettings = {
				BUNDLE_LOADER = "$(TEST_HOST)";
				INFOPLIST_FILE = TickTockTests/Info.plist;
				LD_RUNPATH_SEARCH_PATHS = "$(inherited) @executable_path/Frameworks @loader_path/Frameworks";
				PRODUCT_BUNDLE_IDENTIFIER = uw.ischool.edu.TickTockTests;
				PRODUCT_NAME = "$(TARGET_NAME)";
				TEST_HOST = "$(BUILT_PRODUCTS_DIR)/TickTock.app/TickTock";
			};
			name = Release;
		};
		524428ED1CF24C2A001D58EB /* Debug */ = {
			isa = XCBuildConfiguration;
			buildSettings = {
				INFOPLIST_FILE = TickTockUITests/Info.plist;
				LD_RUNPATH_SEARCH_PATHS = "$(inherited) @executable_path/Frameworks @loader_path/Frameworks";
				PRODUCT_BUNDLE_IDENTIFIER = uw.ischool.edu.TickTockUITests;
				PRODUCT_NAME = "$(TARGET_NAME)";
				TEST_TARGET_NAME = TickTock;
				USES_XCTRUNNER = YES;
			};
			name = Debug;
		};
		524428EE1CF24C2A001D58EB /* Release */ = {
			isa = XCBuildConfiguration;
			buildSettings = {
				INFOPLIST_FILE = TickTockUITests/Info.plist;
				LD_RUNPATH_SEARCH_PATHS = "$(inherited) @executable_path/Frameworks @loader_path/Frameworks";
				PRODUCT_BUNDLE_IDENTIFIER = uw.ischool.edu.TickTockUITests;
				PRODUCT_NAME = "$(TARGET_NAME)";
				TEST_TARGET_NAME = TickTock;
				USES_XCTRUNNER = YES;
			};
			name = Release;
		};
/* End XCBuildConfiguration section */

/* Begin XCConfigurationList section */
		524428B91CF24C2A001D58EB /* Build configuration list for PBXProject "TickTock" */ = {
			isa = XCConfigurationList;
			buildConfigurations = (
				524428E41CF24C2A001D58EB /* Debug */,
				524428E51CF24C2A001D58EB /* Release */,
			);
			defaultConfigurationIsVisible = 0;
			defaultConfigurationName = Release;
		};
		524428E61CF24C2A001D58EB /* Build configuration list for PBXNativeTarget "TickTock" */ = {
			isa = XCConfigurationList;
			buildConfigurations = (
				524428E71CF24C2A001D58EB /* Debug */,
				524428E81CF24C2A001D58EB /* Release */,
			);
			defaultConfigurationIsVisible = 0;
			defaultConfigurationName = Release;
		};
		524428E91CF24C2A001D58EB /* Build configuration list for PBXNativeTarget "TickTockTests" */ = {
			isa = XCConfigurationList;
			buildConfigurations = (
				524428EA1CF24C2A001D58EB /* Debug */,
				524428EB1CF24C2A001D58EB /* Release */,
			);
			defaultConfigurationIsVisible = 0;
			defaultConfigurationName = Release;
		};
		524428EC1CF24C2A001D58EB /* Build configuration list for PBXNativeTarget "TickTockUITests" */ = {
			isa = XCConfigurationList;
			buildConfigurations = (
				524428ED1CF24C2A001D58EB /* Debug */,
				524428EE1CF24C2A001D58EB /* Release */,
			);
			defaultConfigurationIsVisible = 0;
			defaultConfigurationName = Release;
		};
/* End XCConfigurationList section */
	};
	rootObject = 524428B61CF24C2A001D58EB /* Project object */;
}
